// !$*UTF8*$!
{
	archiveVersion = 1;
	classes = {
	};
	objectVersion = 46;
	objects = {

/* Begin PBXBuildFile section */
		4841D2891DA7F9870052A098 /* main.m in Sources */ = {isa = PBXBuildFile; fileRef = 4841D2881DA7F9870052A098 /* main.m */; };
		4841D28C1DA7F9870052A098 /* AppDelegate.m in Sources */ = {isa = PBXBuildFile; fileRef = 4841D28B1DA7F9870052A098 /* AppDelegate.m */; };
		4841D28F1DA7F9870052A098 /* ViewController.m in Sources */ = {isa = PBXBuildFile; fileRef = 4841D28E1DA7F9870052A098 /* ViewController.m */; };
		4841D2921DA7F9870052A098 /* Main.storyboard in Resources */ = {isa = PBXBuildFile; fileRef = 4841D2901DA7F9870052A098 /* Main.storyboard */; };
		4841D2941DA7F9870052A098 /* Assets.xcassets in Resources */ = {isa = PBXBuildFile; fileRef = 4841D2931DA7F9870052A098 /* Assets.xcassets */; };
		4841D2971DA7F9870052A098 /* LaunchScreen.storyboard in Resources */ = {isa = PBXBuildFile; fileRef = 4841D2951DA7F9870052A098 /* LaunchScreen.storyboard */; };
		4841D29F1DA7FBE00052A098 /* CoreGraphics.framework in Frameworks */ = {isa = PBXBuildFile; fileRef = 4841D29E1DA7FBE00052A098 /* CoreGraphics.framework */; };
		4841D2A11DA7FBE70052A098 /* UIKit.framework in Frameworks */ = {isa = PBXBuildFile; fileRef = 4841D2A01DA7FBE70052A098 /* UIKit.framework */; };
		4841D2A31DA7FBED0052A098 /* Foundation.framework in Frameworks */ = {isa = PBXBuildFile; fileRef = 4841D2A21DA7FBED0052A098 /* Foundation.framework */; };
		4841D2D01DA815AE0052A098 /* QuartzCore.framework in Frameworks */ = {isa = PBXBuildFile; fileRef = 4841D2CF1DA815AE0052A098 /* QuartzCore.framework */; };
/* End PBXBuildFile section */

/* Begin PBXFileReference section */
		4841D2841DA7F9870052A098 /* Animations.app */ = {isa = PBXFileReference; explicitFileType = wrapper.application; includeInIndex = 0; path = Animations.app; sourceTree = BUILT_PRODUCTS_DIR; };
		4841D2881DA7F9870052A098 /* main.m */ = {isa = PBXFileReference; lastKnownFileType = sourcecode.c.objc; path = main.m; sourceTree = "<group>"; };
		4841D28A1DA7F9870052A098 /* AppDelegate.h */ = {isa = PBXFileReference; lastKnownFileType = sourcecode.c.h; path = AppDelegate.h; sourceTree = "<group>"; };
		4841D28B1DA7F9870052A098 /* AppDelegate.m */ = {isa = PBXFileReference; lastKnownFileType = sourcecode.c.objc; path = AppDelegate.m; sourceTree = "<group>"; };
		4841D28D1DA7F9870052A098 /* ViewController.h */ = {isa = PBXFileReference; lastKnownFileType = sourcecode.c.h; path = ViewController.h; sourceTree = "<group>"; };
		4841D28E1DA7F9870052A098 /* ViewController.m */ = {isa = PBXFileReference; lastKnownFileType = sourcecode.c.objc; path = ViewController.m; sourceTree = "<group>"; };
		4841D2911DA7F9870052A098 /* Base */ = {isa = PBXFileReference; lastKnownFileType = file.storyboard; name = Base; path = Base.lproj/Main.storyboard; sourceTree = "<group>"; };
		4841D2931DA7F9870052A098 /* Assets.xcassets */ = {isa = PBXFileReference; lastKnownFileType = folder.assetcatalog; path = Assets.xcassets; sourceTree = "<group>"; };
		4841D2961DA7F9870052A098 /* Base */ = {isa = PBXFileReference; lastKnownFileType = file.storyboard; name = Base; path = Base.lproj/LaunchScreen.storyboard; sourceTree = "<group>"; };
		4841D2981DA7F9870052A098 /* Info.plist */ = {isa = PBXFileReference; lastKnownFileType = text.plist.xml; path = Info.plist; sourceTree = "<group>"; };
		4841D29E1DA7FBE00052A098 /* CoreGraphics.framework */ = {isa = PBXFileReference; lastKnownFileType = wrapper.framework; name = CoreGraphics.framework; path = System/Library/Frameworks/CoreGraphics.framework; sourceTree = SDKROOT; };
		4841D2A01DA7FBE70052A098 /* UIKit.framework */ = {isa = PBXFileReference; lastKnownFileType = wrapper.framework; name = UIKit.framework; path = System/Library/Frameworks/UIKit.framework; sourceTree = SDKROOT; };
		4841D2A21DA7FBED0052A098 /* Foundation.framework */ = {isa = PBXFileReference; lastKnownFileType = wrapper.framework; name = Foundation.framework; path = System/Library/Frameworks/Foundation.framework; sourceTree = SDKROOT; };
		4841D2CF1DA815AE0052A098 /* QuartzCore.framework */ = {isa = PBXFileReference; lastKnownFileType = wrapper.framework; name = QuartzCore.framework; path = System/Library/Frameworks/QuartzCore.framework; sourceTree = SDKROOT; };
/* End PBXFileReference section */

/* Begin PBXFrameworksBuildPhase section */
		4841D2811DA7F9870052A098 /* Frameworks */ = {
			isa = PBXFrameworksBuildPhase;
			buildActionMask = 2147483647;
			files = (
				4841D2D01DA815AE0052A098 /* QuartzCore.framework in Frameworks */,
				4841D2A31DA7FBED0052A098 /* Foundation.framework in Frameworks */,
				4841D2A11DA7FBE70052A098 /* UIKit.framework in Frameworks */,
				4841D29F1DA7FBE00052A098 /* CoreGraphics.framework in Frameworks */,
			);
			runOnlyForDeploymentPostprocessing = 0;
		};
/* End PBXFrameworksBuildPhase section */

/* Begin PBXGroup section */
		4841D27B1DA7F9870052A098 = {
			isa = PBXGroup;
			children = (
				4841D2861DA7F9870052A098 /* Animations */,
				4841D2A41DA7FBFC0052A098 /* Frameworks */,
				4841D2851DA7F9870052A098 /* Products */,
			);
			sourceTree = "<group>";
		};
		4841D2851DA7F9870052A098 /* Products */ = {
			isa = PBXGroup;
			children = (
				4841D2841DA7F9870052A098 /* Animations.app */,
			);
			name = Products;
			sourceTree = "<group>";
		};
		4841D2861DA7F9870052A098 /* Animations */ = {
			isa = PBXGroup;
			children = (
				4841D28A1DA7F9870052A098 /* AppDelegate.h */,
				4841D28B1DA7F9870052A098 /* AppDelegate.m */,
				4841D28D1DA7F9870052A098 /* ViewController.h */,
				4841D28E1DA7F9870052A098 /* ViewController.m */,
				4841D2901DA7F9870052A098 /* Main.storyboard */,
				4841D2931DA7F9870052A098 /* Assets.xcassets */,
				4841D2951DA7F9870052A098 /* LaunchScreen.storyboard */,
				4841D2981DA7F9870052A098 /* Info.plist */,
				4841D2871DA7F9870052A098 /* Supporting Files */,
			);
			path = Animations;
			sourceTree = "<group>";
		};
		4841D2871DA7F9870052A098 /* Supporting Files */ = {
			isa = PBXGroup;
			children = (
				4841D2881DA7F9870052A098 /* main.m */,
			);
			name = "Supporting Files";
			sourceTree = "<group>";
		};
		4841D2A41DA7FBFC0052A098 /* Frameworks */ = {
			isa = PBXGroup;
			children = (
				4841D2CF1DA815AE0052A098 /* QuartzCore.framework */,
				4841D2A21DA7FBED0052A098 /* Foundation.framework */,
				4841D2A01DA7FBE70052A098 /* UIKit.framework */,
				4841D29E1DA7FBE00052A098 /* CoreGraphics.framework */,
			);
			name = Frameworks;
			sourceTree = "<group>";
		};
/* End PBXGroup section */

/* Begin PBXNativeTarget section */
		4841D2831DA7F9870052A098 /* Animations */ = {
			isa = PBXNativeTarget;
			buildConfigurationList = 4841D29B1DA7F9870052A098 /* Build configuration list for PBXNativeTarget "Animations" */;
			buildPhases = (
				4841D2801DA7F9870052A098 /* Sources */,
				4841D2811DA7F9870052A098 /* Frameworks */,
				4841D2821DA7F9870052A098 /* Resources */,
			);
			buildRules = (
			);
			dependencies = (
			);
			name = Animations;
			productName = Animations;
			productReference = 4841D2841DA7F9870052A098 /* Animations.app */;
			productType = "com.apple.product-type.application";
		};
/* End PBXNativeTarget section */

/* Begin PBXProject section */
		4841D27C1DA7F9870052A098 /* Project object */ = {
			isa = PBXProject;
			attributes = {
				LastUpgradeCheck = 0730;
				ORGANIZATIONNAME = "Olivia Taylor";
				TargetAttributes = {
					4841D2831DA7F9870052A098 = {
						CreatedOnToolsVersion = 7.3.1;
					};
				};
			};
			buildConfigurationList = 4841D27F1DA7F9870052A098 /* Build configuration list for PBXProject "Animations" */;
			compatibilityVersion = "Xcode 3.2";
			developmentRegion = English;
			hasScannedForEncodings = 0;
			knownRegions = (
				en,
				Base,
			);
			mainGroup = 4841D27B1DA7F9870052A098;
			productRefGroup = 4841D2851DA7F9870052A098 /* Products */;
			projectDirPath = "";
			projectRoot = "";
			targets = (
				4841D2831DA7F9870052A098 /* Animations */,
			);
		};
/* End PBXProject section */

/* Begin PBXResourcesBuildPhase section */
		4841D2821DA7F9870052A098 /* Resources */ = {
			isa = PBXResourcesBuildPhase;
			buildActionMask = 2147483647;
			files = (
				4841D2971DA7F9870052A098 /* LaunchScreen.storyboard in Resources */,
				4841D2941DA7F9870052A098 /* Assets.xcassets in Resources */,
				4841D2921DA7F9870052A098 /* Main.storyboard in Resources */,
			);
			runOnlyForDeploymentPostprocessing = 0;
		};
/* End PBXResourcesBuildPhase section */

/* Begin PBXSourcesBuildPhase section */
		4841D2801DA7F9870052A098 /* Sources */ = {
			isa = PBXSourcesBuildPhase;
			buildActionMask = 2147483647;
			files = (
				4841D28F1DA7F9870052A098 /* ViewController.m in Sources */,
				4841D28C1DA7F9870052A098 /* AppDelegate.m in Sources */,
				4841D2891DA7F9870052A098 /* main.m in Sources */,
			);
			runOnlyForDeploymentPostprocessing = 0;
		};
/* End PBXSourcesBuildPhase section */

/* Begin PBXVariantGroup section */
		4841D2901DA7F9870052A098 /* Main.storyboard */ = {
			isa = PBXVariantGroup;
			children = (
				4841D2911DA7F9870052A098 /* Base */,
			);
			name = Main.storyboard;
			sourceTree = "<group>";
		};
		4841D2951DA7F9870052A098 /* LaunchScreen.storyboard */ = {
			isa = PBXVariantGroup;
			children = (
				4841D2961DA7F9870052A098 /* Base */,
			);
			name = LaunchScreen.storyboard;
			sourceTree = "<group>";
		};
/* End PBXVariantGroup section */

/* Begin XCBuildConfiguration section */
		4841D2991DA7F9870052A098 /* Debug */ = {
			isa = XCBuildConfiguration;
			buildSettings = {
				ALWAYS_SEARCH_USER_PATHS = NO;
				CLANG_ANALYZER_NONNULL = YES;
				CLANG_CXX_LANGUAGE_STANDARD = "gnu++0x";
				CLANG_CXX_LIBRARY = "libc++";
				CLANG_ENABLE_MODULES = YES;
				CLANG_ENABLE_OBJC_ARC = YES;
				CLANG_WARN_BOOL_CONVERSION = YES;
				CLANG_WARN_CONSTANT_CONVERSION = YES;
				CLANG_WARN_DIRECT_OBJC_ISA_USAGE = YES_ERROR;
				CLANG_WARN_EMPTY_BODY = YES;
				CLANG_WARN_ENUM_CONVERSION = YES;
				CLANG_WARN_INT_CONVERSION = YES;
				CLANG_WARN_OBJC_ROOT_CLASS = YES_ERROR;
				CLANG_WARN_UNREACHABLE_CODE = YES;
				CLANG_WARN__DUPLICATE_METHOD_MATCH = YES;
				"CODE_SIGN_IDENTITY[sdk=iphoneos*]" = "iPhone Developer";
				COPY_PHASE_STRIP = NO;
				DEBUG_INFORMATION_FORMAT = dwarf;
				ENABLE_STRICT_OBJC_MSGSEND = YES;
				ENABLE_TESTABILITY = YES;
				GCC_C_LANGUAGE_STANDARD = gnu99;
				GCC_DYNAMIC_NO_PIC = NO;
				GCC_NO_COMMON_BLOCKS = YES;
				GCC_OPTIMIZATION_LEVEL = 0;
				GCC_PREPROCESSOR_DEFINITIONS = (
					"DEBUG=1",
					"$(inherited)",
				);
				GCC_WARN_64_TO_32_BIT_CONVERSION = YES;
				GCC_WARN_ABOUT_RETURN_TYPE = YES_ERROR;
				GCC_WARN_UNDECLARED_SELECTOR = YES;
				GCC_WARN_UNINITIALIZED_AUTOS = YES_AGGRESSIVE;
				GCC_WARN_UNUSED_FUNCTION = YES;
				GCC_WARN_UNUSED_VARIABLE = YES;
				IPHONEOS_DEPLOYMENT_TARGET = 9.3;
				MTL_ENABLE_DEBUG_INFO = YES;
				ONLY_ACTIVE_ARCH = YES;
				SDKROOT = iphoneos;
				TARGETED_DEVICE_FAMILY = "1,2";
			};
			name = Debug;
		};
		4841D29A1DA7F9870052A098 /* Release */ = {
			isa = XCBuildConfiguration;
			buildSettings = {
				ALWAYS_SEARCH_USER_PATHS = NO;
				CLANG_ANALYZER_NONNULL = YES;
				CLANG_CXX_LANGUAGE_STANDARD = "gnu++0x";
				CLANG_CXX_LIBRARY = "libc++";
				CLANG_ENABLE_MODULES = YES;
				CLANG_ENABLE_OBJC_ARC = YES;
				CLANG_WARN_BOOL_CONVERSION = YES;
				CLANG_WARN_CONSTANT_CONVERSION = YES;
				CLANG_WARN_DIRECT_OBJC_ISA_USAGE = YES_ERROR;
				CLANG_WARN_EMPTY_BODY = YES;
				CLANG_WARN_ENUM_CONVERSION = YES;
				CLANG_WARN_INT_CONVERSION = YES;
				CLANG_WARN_OBJC_ROOT_CLASS = YES_ERROR;
				CLANG_WARN_UNREACHABLE_CODE = YES;
				CLANG_WARN__DUPLICATE_METHOD_MATCH = YES;
				"CODE_SIGN_IDENTITY[sdk=iphoneos*]" = "iPhone Developer";
				COPY_PHASE_STRIP = NO;
				DEBUG_INFORMATION_FORMAT = "dwarf-with-dsym";
				ENABLE_NS_ASSERTIONS = NO;
				ENABLE_STRICT_OBJC_MSGSEND = YES;
				GCC_C_LANGUAGE_STANDARD = gnu99;
				GCC_NO_COMMON_BLOCKS = YES;
				GCC_WARN_64_TO_32_BIT_CONVERSION = YES;
				GCC_WARN_ABOUT_RETURN_TYPE = YES_ERROR;
				GCC_WARN_UNDECLARED_SELECTOR = YES;
				GCC_WARN_UNINITIALIZED_AUTOS = YES_AGGRESSIVE;
				GCC_WARN_UNUSED_FUNCTION = YES;
				GCC_WARN_UNUSED_VARIABLE = YES;
				IPHONEOS_DEPLOYMENT_TARGET = 9.3;
				MTL_ENABLE_DEBUG_INFO = NO;
				SDKROOT = iphoneos;
				TARGETED_DEVICE_FAMILY = "1,2";
				VALIDATE_PRODUCT = YES;
			};
			name = Release;
		};
		4841D29C1DA7F9870052A098 /* Debug */ = {
			isa = XCBuildConfiguration;
			buildSettings = {
				ASSETCATALOG_COMPILER_APPICON_NAME = AppIcon;
				INFOPLIST_FILE = Animations/Info.plist;
				LD_RUNPATH_SEARCH_PATHS = "$(inherited) @executable_path/Frameworks";
				PRODUCT_BUNDLE_IDENTIFIER = io.turntotech.Animations;
				PRODUCT_NAME = "$(TARGET_NAME)";
			};
			name = Debug;
		};
		4841D29D1DA7F9870052A098 /* Release */ = {
			isa = XCBuildConfiguration;
			buildSettings = {
				ASSETCATALOG_COMPILER_APPICON_NAME = AppIcon;
				INFOPLIST_FILE = Animations/Info.plist;
				LD_RUNPATH_SEARCH_PATHS = "$(inherited) @executable_path/Frameworks";
				PRODUCT_BUNDLE_IDENTIFIER = io.turntotech.Animations;
				PRODUCT_NAME = "$(TARGET_NAME)";
			};
			name = Release;
		};
/* End XCBuildConfiguration section */

/* Begin XCConfigurationList section */
		4841D27F1DA7F9870052A098 /* Build configuration list for PBXProject "Animations" */ = {
			isa = XCConfigurationList;
			buildConfigurations = (
				4841D2991DA7F9870052A098 /* Debug */,
				4841D29A1DA7F9870052A098 /* Release */,
			);
			defaultConfigurationIsVisible = 0;
			defaultConfigurationName = Release;
		};
		4841D29B1DA7F9870052A098 /* Build configuration list for PBXNativeTarget "Animations" */ = {
			isa = XCConfigurationList;
			buildConfigurations = (
				4841D29C1DA7F9870052A098 /* Debug */,
				4841D29D1DA7F9870052A098 /* Release */,
			);
			defaultConfigurationIsVisible = 0;
			defaultConfigurationName = Release;
		};
/* End XCConfigurationList section */
	};
	rootObject = 4841D27C1DA7F9870052A098 /* Project object */;
}
